// !$*UTF8*$!
{
	archiveVersion = 1;
	classes = {
	};
	objectVersion = 46;
	objects = {

/* Begin PBXBuildFile section */
		08C3290219DC6FA100366209 /* main.m in Sources */ = {isa = PBXBuildFile; fileRef = 08C3290119DC6FA100366209 /* main.m */; };
		08C3290519DC6FA100366209 /* AppDelegate.m in Sources */ = {isa = PBXBuildFile; fileRef = 08C3290419DC6FA100366209 /* AppDelegate.m */; };
		08C3290819DC6FA100366209 /* ViewController.m in Sources */ = {isa = PBXBuildFile; fileRef = 08C3290719DC6FA100366209 /* ViewController.m */; };
		08C3290B19DC6FA100366209 /* Main.storyboard in Resources */ = {isa = PBXBuildFile; fileRef = 08C3290919DC6FA100366209 /* Main.storyboard */; };
		08C3290D19DC6FA100366209 /* Images.xcassets in Resources */ = {isa = PBXBuildFile; fileRef = 08C3290C19DC6FA100366209 /* Images.xcassets */; };
		08C3291019DC6FA100366209 /* LaunchScreen.xib in Resources */ = {isa = PBXBuildFile; fileRef = 08C3290E19DC6FA100366209 /* LaunchScreen.xib */; };
		08C3291C19DC6FA200366209 /* FirstAppTests.m in Sources */ = {isa = PBXBuildFile; fileRef = 08C3291B19DC6FA200366209 /* FirstAppTests.m */; };
		08C3292619DC910B00366209 /* images-2.jpeg in Resources */ = {isa = PBXBuildFile; fileRef = 08C3292519DC910B00366209 /* images-2.jpeg */; };
/* End PBXBuildFile section */

/* Begin PBXContainerItemProxy section */
		08C3291619DC6FA200366209 /* PBXContainerItemProxy */ = {
			isa = PBXContainerItemProxy;
			containerPortal = 08C328F419DC6FA100366209 /* Project object */;
			proxyType = 1;
			remoteGlobalIDString = 08C328FB19DC6FA100366209;
			remoteInfo = FirstApp;
		};
/* End PBXContainerItemProxy section */

/* Begin PBXFileReference section */
		08C328FC19DC6FA100366209 /* FirstApp.app */ = {isa = PBXFileReference; explicitFileType = wrapper.application; includeInIndex = 0; path = FirstApp.app; sourceTree = BUILT_PRODUCTS_DIR; };
		08C3290019DC6FA100366209 /* Info.plist */ = {isa = PBXFileReference; lastKnownFileType = text.plist.xml; path = Info.plist; sourceTree = "<group>"; };
		08C3290119DC6FA100366209 /* main.m */ = {isa = PBXFileReference; lastKnownFileType = sourcecode.c.objc; path = main.m; sourceTree = "<group>"; };
		08C3290319DC6FA100366209 /* AppDelegate.h */ = {isa = PBXFileReference; lastKnownFileType = sourcecode.c.h; path = AppDelegate.h; sourceTree = "<group>"; };
		08C3290419DC6FA100366209 /* AppDelegate.m */ = {isa = PBXFileReference; lastKnownFileType = sourcecode.c.objc; path = AppDelegate.m; sourceTree = "<group>"; };
		08C3290619DC6FA100366209 /* ViewController.h */ = {isa = PBXFileReference; lastKnownFileType = sourcecode.c.h; path = ViewController.h; sourceTree = "<group>"; };
		08C3290719DC6FA100366209 /* ViewController.m */ = {isa = PBXFileReference; lastKnownFileType = sourcecode.c.objc; path = ViewController.m; sourceTree = "<group>"; };
		08C3290A19DC6FA100366209 /* Base */ = {isa = PBXFileReference; lastKnownFileType = file.storyboard; name = Base; path = Base.lproj/Main.storyboard; sourceTree = "<group>"; };
		08C3290C19DC6FA100366209 /* Images.xcassets */ = {isa = PBXFileReference; lastKnownFileType = folder.assetcatalog; path = Images.xcassets; sourceTree = "<group>"; };
		08C3290F19DC6FA100366209 /* Base */ = {isa = PBXFileReference; lastKnownFileType = file.xib; name = Base; path = Base.lproj/LaunchScreen.xib; sourceTree = "<group>"; };
		08C3291519DC6FA200366209 /* FirstAppTests.xctest */ = {isa = PBXFileReference; explicitFileType = wrapper.cfbundle; includeInIndex = 0; path = FirstAppTests.xctest; sourceTree = BUILT_PRODUCTS_DIR; };
		08C3291A19DC6FA200366209 /* Info.plist */ = {isa = PBXFileReference; lastKnownFileType = text.plist.xml; path = Info.plist; sourceTree = "<group>"; };
		08C3291B19DC6FA200366209 /* FirstAppTests.m */ = {isa = PBXFileReference; lastKnownFileType = sourcecode.c.objc; path = FirstAppTests.m; sourceTree = "<group>"; };
		08C3292519DC910B00366209 /* images-2.jpeg */ = {isa = PBXFileReference; lastKnownFileType = image.jpeg; path = "images-2.jpeg"; sourceTree = "<group>"; };
/* End PBXFileReference section */

/* Begin PBXFrameworksBuildPhase section */
		08C328F919DC6FA100366209 /* Frameworks */ = {
			isa = PBXFrameworksBuildPhase;
			buildActionMask = 2147483647;
			files = (
			);
			runOnlyForDeploymentPostprocessing = 0;
		};
		08C3291219DC6FA200366209 /* Frameworks */ = {
			isa = PBXFrameworksBuildPhase;
			buildActionMask = 2147483647;
			files = (
			);
			runOnlyForDeploymentPostprocessing = 0;
		};
/* End PBXFrameworksBuildPhase section */

/* Begin PBXGroup section */
		08C328F319DC6FA100366209 = {
			isa = PBXGroup;
			children = (
				08C328FE19DC6FA100366209 /* FirstApp */,
				08C3291819DC6FA200366209 /* FirstAppTests */,
				08C328FD19DC6FA100366209 /* Products */,
			);
			sourceTree = "<group>";
		};
		08C328FD19DC6FA100366209 /* Products */ = {
			isa = PBXGroup;
			children = (
				08C328FC19DC6FA100366209 /* FirstApp.app */,
				08C3291519DC6FA200366209 /* FirstAppTests.xctest */,
			);
			name = Products;
			sourceTree = "<group>";
		};
		08C328FE19DC6FA100366209 /* FirstApp */ = {
			isa = PBXGroup;
			children = (
				08C3290319DC6FA100366209 /* AppDelegate.h */,
				08C3290419DC6FA100366209 /* AppDelegate.m */,
				08C3290619DC6FA100366209 /* ViewController.h */,
				08C3290719DC6FA100366209 /* ViewController.m */,
				08C3290919DC6FA100366209 /* Main.storyboard */,
				08C3290C19DC6FA100366209 /* Images.xcassets */,
				08C3290E19DC6FA100366209 /* LaunchScreen.xib */,
				08C328FF19DC6FA100366209 /* Supporting Files */,
			);
			path = FirstApp;
			sourceTree = "<group>";
		};
		08C328FF19DC6FA100366209 /* Supporting Files */ = {
			isa = PBXGroup;
			children = (
				08C3292519DC910B00366209 /* images-2.jpeg */,
				08C3290019DC6FA100366209 /* Info.plist */,
				08C3290119DC6FA100366209 /* main.m */,
			);
			name = "Supporting Files";
			sourceTree = "<group>";
		};
		08C3291819DC6FA200366209 /* FirstAppTests */ = {
			isa = PBXGroup;
			children = (
				08C3291B19DC6FA200366209 /* FirstAppTests.m */,
				08C3291919DC6FA200366209 /* Supporting Files */,
			);
			path = FirstAppTests;
			sourceTree = "<group>";
		};
		08C3291919DC6FA200366209 /* Supporting Files */ = {
			isa = PBXGroup;
			children = (
				08C3291A19DC6FA200366209 /* Info.plist */,
			);
			name = "Supporting Files";
			sourceTree = "<group>";
		};
/* End PBXGroup section */

/* Begin PBXNativeTarget section */
		08C328FB19DC6FA100366209 /* FirstApp */ = {
			isa = PBXNativeTarget;
			buildConfigurationList = 08C3291F19DC6FA200366209 /* Build configuration list for PBXNativeTarget "FirstApp" */;
			buildPhases = (
				08C328F819DC6FA100366209 /* Sources */,
				08C328F919DC6FA100366209 /* Frameworks */,
				08C328FA19DC6FA100366209 /* Resources */,
			);
			buildRules = (
			);
			dependencies = (
			);
			name = FirstApp;
			productName = FirstApp;
			productReference = 08C328FC19DC6FA100366209 /* FirstApp.app */;
			productType = "com.apple.product-type.application";
		};
		08C3291419DC6FA200366209 /* FirstAppTests */ = {
			isa = PBXNativeTarget;
			buildConfigurationList = 08C3292219DC6FA200366209 /* Build configuration list for PBXNativeTarget "FirstAppTests" */;
			buildPhases = (
				08C3291119DC6FA200366209 /* Sources */,
				08C3291219DC6FA200366209 /* Frameworks */,
				08C3291319DC6FA200366209 /* Resources */,
			);
			buildRules = (
			);
			dependencies = (
				08C3291719DC6FA200366209 /* PBXTargetDependency */,
			);
			name = FirstAppTests;
			productName = FirstAppTests;
			productReference = 08C3291519DC6FA200366209 /* FirstAppTests.xctest */;
			productType = "com.apple.product-type.bundle.unit-test";
		};
/* End PBXNativeTarget section */

/* Begin PBXProject section */
		08C328F419DC6FA100366209 /* Project object */ = {
			isa = PBXProject;
			attributes = {
				CLASSPREFIX = WM;
				LastUpgradeCheck = 0600;
				ORGANIZATIONNAME = "William Mora";
				TargetAttributes = {
					08C328FB19DC6FA100366209 = {
						CreatedOnToolsVersion = 6.0.1;
					};
					08C3291419DC6FA200366209 = {
						CreatedOnToolsVersion = 6.0.1;
						TestTargetID = 08C328FB19DC6FA100366209;
					};
				};
			};
			buildConfigurationList = 08C328F719DC6FA100366209 /* Build configuration list for PBXProject "FirstApp" */;
			compatibilityVersion = "Xcode 3.2";
			developmentRegion = English;
			hasScannedForEncodings = 0;
			knownRegions = (
				en,
				Base,
			);
			mainGroup = 08C328F319DC6FA100366209;
			productRefGroup = 08C328FD19DC6FA100366209 /* Products */;
			projectDirPath = "";
			projectRoot = "";
			targets = (
				08C328FB19DC6FA100366209 /* FirstApp */,
				08C3291419DC6FA200366209 /* FirstAppTests */,
			);
		};
/* End PBXProject section */

/* Begin PBXResourcesBuildPhase section */
		08C328FA19DC6FA100366209 /* Resources */ = {
			isa = PBXResourcesBuildPhase;
			buildActionMask = 2147483647;
			files = (
				08C3290B19DC6FA100366209 /* Main.storyboard in Resources */,
				08C3291019DC6FA100366209 /* LaunchScreen.xib in Resources */,
				08C3290D19DC6FA100366209 /* Images.xcassets in Resources */,
				08C3292619DC910B00366209 /* images-2.jpeg in Resources */,
			);
			runOnlyForDeploymentPostprocessing = 0;
		};
		08C3291319DC6FA200366209 /* Resources */ = {
			isa = PBXResourcesBuildPhase;
			buildActionMask = 2147483647;
			files = (
			);
			runOnlyForDeploymentPostprocessing = 0;
		};
/* End PBXResourcesBuildPhase section */

/* Begin PBXSourcesBuildPhase section */
		08C328F819DC6FA100366209 /* Sources */ = {
			isa = PBXSourcesBuildPhase;
			buildActionMask = 2147483647;
			files = (
				08C3290819DC6FA100366209 /* ViewController.m in Sources */,
				08C3290519DC6FA100366209 /* AppDelegate.m in Sources */,
				08C3290219DC6FA100366209 /* main.m in Sources */,
			);
			runOnlyForDeploymentPostprocessing = 0;
		};
		08C3291119DC6FA200366209 /* Sources */ = {
			isa = PBXSourcesBuildPhase;
			buildActionMask = 2147483647;
			files = (
				08C3291C19DC6FA200366209 /* FirstAppTests.m in Sources */,
			);
			runOnlyForDeploymentPostprocessing = 0;
		};
/* End PBXSourcesBuildPhase section */

/* Begin PBXTargetDependency section */
		08C3291719DC6FA200366209 /* PBXTargetDependency */ = {
			isa = PBXTargetDependency;
			target = 08C328FB19DC6FA100366209 /* FirstApp */;
			targetProxy = 08C3291619DC6FA200366209 /* PBXContainerItemProxy */;
		};
/* End PBXTargetDependency section */

/* Begin PBXVariantGroup section */
		08C3290919DC6FA100366209 /* Main.storyboard */ = {
			isa = PBXVariantGroup;
			children = (
				08C3290A19DC6FA100366209 /* Base */,
			);
			name = Main.storyboard;
			sourceTree = "<group>";
		};
		08C3290E19DC6FA100366209 /* LaunchScreen.xib */ = {
			isa = PBXVariantGroup;
			children = (
				08C3290F19DC6FA100366209 /* Base */,
			);
			name = LaunchScreen.xib;
			sourceTree = "<group>";
		};
/* End PBXVariantGroup section */

/* Begin XCBuildConfiguration section */
		08C3291D19DC6FA200366209 /* Debug */ = {
			isa = XCBuildConfiguration;
			buildSettings = {
				ALWAYS_SEARCH_USER_PATHS = NO;
				CLANG_CXX_LANGUAGE_STANDARD = "gnu++0x";
				CLANG_CXX_LIBRARY = "libc++";
				CLANG_ENABLE_MODULES = YES;
				CLANG_ENABLE_OBJC_ARC = YES;
				CLANG_WARN_BOOL_CONVERSION = YES;
				CLANG_WARN_CONSTANT_CONVERSION = YES;
				CLANG_WARN_DIRECT_OBJC_ISA_USAGE = YES_ERROR;
				CLANG_WARN_EMPTY_BODY = YES;
				CLANG_WARN_ENUM_CONVERSION = YES;
				CLANG_WARN_INT_CONVERSION = YES;
				CLANG_WARN_OBJC_ROOT_CLASS = YES_ERROR;
				CLANG_WARN_UNREACHABLE_CODE = YES;
				CLANG_WARN__DUPLICATE_METHOD_MATCH = YES;
				"CODE_SIGN_IDENTITY[sdk=iphoneos*]" = "iPhone Developer";
				COPY_PHASE_STRIP = NO;
				ENABLE_STRICT_OBJC_MSGSEND = YES;
				GCC_C_LANGUAGE_STANDARD = gnu99;
				GCC_DYNAMIC_NO_PIC = NO;
				GCC_OPTIMIZATION_LEVEL = 0;
				GCC_PREPROCESSOR_DEFINITIONS = (
					"DEBUG=1",
					"$(inherited)",
				);
				GCC_SYMBOLS_PRIVATE_EXTERN = NO;
				GCC_WARN_64_TO_32_BIT_CONVERSION = YES;
				GCC_WARN_ABOUT_RETURN_TYPE = YES_ERROR;
				GCC_WARN_UNDECLARED_SELECTOR = YES;
				GCC_WARN_UNINITIALIZED_AUTOS = YES_AGGRESSIVE;
				GCC_WARN_UNUSED_FUNCTION = YES;
				GCC_WARN_UNUSED_VARIABLE = YES;
				IPHONEOS_DEPLOYMENT_TARGET = 8.0;
				MTL_ENABLE_DEBUG_INFO = YES;
				ONLY_ACTIVE_ARCH = YES;
				SDKROOT = iphoneos;
			};
			name = Debug;
		};
		08C3291E19DC6FA200366209 /* Release */ = {
			isa = XCBuildConfiguration;
			buildSettings = {
				ALWAYS_SEARCH_USER_PATHS = NO;
				CLANG_CXX_LANGUAGE_STANDARD = "gnu++0x";
				CLANG_CXX_LIBRARY = "libc++";
				CLANG_ENABLE_MODULES = YES;
				CLANG_ENABLE_OBJC_ARC = YES;
				CLANG_WARN_BOOL_CONVERSION = YES;
				CLANG_WARN_CONSTANT_CONVERSION = YES;
				CLANG_WARN_DIRECT_OBJC_ISA_USAGE = YES_ERROR;
				CLANG_WARN_EMPTY_BODY = YES;
				CLANG_WARN_ENUM_CONVERSION = YES;
				CLANG_WARN_INT_CONVERSION = YES;
				CLANG_WARN_OBJC_ROOT_CLASS = YES_ERROR;
				CLANG_WARN_UNREACHABLE_CODE = YES;
				CLANG_WARN__DUPLICATE_METHOD_MATCH = YES;
				"CODE_SIGN_IDENTITY[sdk=iphoneos*]" = "iPhone Developer";
				COPY_PHASE_STRIP = YES;
				ENABLE_NS_ASSERTIONS = NO;
				ENABLE_STRICT_OBJC_MSGSEND = YES;
				GCC_C_LANGUAGE_STANDARD = gnu99;
				GCC_WARN_64_TO_32_BIT_CONVERSION = YES;
				GCC_WARN_ABOUT_RETURN_TYPE = YES_ERROR;
				GCC_WARN_UNDECLARED_SELECTOR = YES;
				GCC_WARN_UNINITIALIZED_AUTOS = YES_AGGRESSIVE;
				GCC_WARN_UNUSED_FUNCTION = YES;
				GCC_WARN_UNUSED_VARIABLE = YES;
				IPHONEOS_DEPLOYMENT_TARGET = 8.0;
				MTL_ENABLE_DEBUG_INFO = NO;
				SDKROOT = iphoneos;
				VALIDATE_PRODUCT = YES;
			};
			name = Release;
		};
		08C3292019DC6FA200366209 /* Debug */ = {
			isa = XCBuildConfiguration;
			buildSettings = {
				ASSETCATALOG_COMPILER_APPICON_NAME = AppIcon;
				INFOPLIST_FILE = FirstApp/Info.plist;
				LD_RUNPATH_SEARCH_PATHS = "$(inherited) @executable_path/Frameworks";
				PRODUCT_NAME = "$(TARGET_NAME)";
			};
			name = Debug;
		};
		08C3292119DC6FA200366209 /* Release */ = {
			isa = XCBuildConfiguration;
			buildSettings = {
				ASSETCATALOG_COMPILER_APPICON_NAME = AppIcon;
				INFOPLIST_FILE = FirstApp/Info.plist;
				LD_RUNPATH_SEARCH_PATHS = "$(inherited) @executable_path/Frameworks";
				PRODUCT_NAME = "$(TARGET_NAME)";
			};
			name = Release;
		};
		08C3292319DC6FA200366209 /* Debug */ = {
			isa = XCBuildConfiguration;
			buildSettings = {
				BUNDLE_LOADER = "$(TEST_HOST)";
				FRAMEWORK_SEARCH_PATHS = (
					"$(SDKROOT)/Developer/Library/Frameworks",
					"$(inherited)",
				);
				GCC_PREPROCESSOR_DEFINITIONS = (
					"DEBUG=1",
					"$(inherited)",
				);
				INFOPLIST_FILE = FirstAppTests/Info.plist;
				LD_RUNPATH_SEARCH_PATHS = "$(inherited) @executable_path/Frameworks @loader_path/Frameworks";
				PRODUCT_NAME = "$(TARGET_NAME)";
				TEST_HOST = "$(BUILT_PRODUCTS_DIR)/FirstApp.app/FirstApp";
			};
			name = Debug;
		};
		08C3292419DC6FA200366209 /* Release */ = {
			isa = XCBuildConfiguration;
			buildSettings = {
				BUNDLE_LOADER = "$(TEST_HOST)";
				FRAMEWORK_SEARCH_PATHS = (
					"$(SDKROOT)/Developer/Library/Frameworks",
					"$(inherited)",
				);
				INFOPLIST_FILE = FirstAppTests/Info.plist;
				LD_RUNPATH_SEARCH_PATHS = "$(inherited) @executable_path/Frameworks @loader_path/Frameworks";
				PRODUCT_NAME = "$(TARGET_NAME)";
				TEST_HOST = "$(BUILT_PRODUCTS_DIR)/FirstApp.app/FirstApp";
			};
			name = Release;
		};
/* End XCBuildConfiguration section */

/* Begin XCConfigurationList section */
		08C328F719DC6FA100366209 /* Build configuration list for PBXProject "FirstApp" */ = {
			isa = XCConfigurationList;
			buildConfigurations = (
				08C3291D19DC6FA200366209 /* Debug */,
				08C3291E19DC6FA200366209 /* Release */,
			);
			defaultConfigurationIsVisible = 0;
			defaultConfigurationName = Release;
		};
		08C3291F19DC6FA200366209 /* Build configuration list for PBXNativeTarget "FirstApp" */ = {
			isa = XCConfigurationList;
			buildConfigurations = (
				08C3292019DC6FA200366209 /* Debug */,
				08C3292119DC6FA200366209 /* Release */,
			);
			defaultConfigurationIsVisible = 0;
		};
		08C3292219DC6FA200366209 /* Build configuration list for PBXNativeTarget "FirstAppTests" */ = {
			isa = XCConfigurationList;
			buildConfigurations = (
				08C3292319DC6FA200366209 /* Debug */,
				08C3292419DC6FA200366209 /* Release */,
			);
			defaultConfigurationIsVisible = 0;
		};
/* End XCConfigurationList section */
	};
	rootObject = 08C328F419DC6FA100366209 /* Project object */;
}
