// !$*UTF8*$!
{
	archiveVersion = 1;
	classes = {
	};
	objectVersion = 46;
	objects = {

/* Begin PBXBuildFile section */
		083C799C19E4BBEA00C03A62 /* main.m in Sources */ = {isa = PBXBuildFile; fileRef = 083C799B19E4BBEA00C03A62 /* main.m */; };
		083C799F19E4BBEA00C03A62 /* AppDelegate.m in Sources */ = {isa = PBXBuildFile; fileRef = 083C799E19E4BBEA00C03A62 /* AppDelegate.m */; };
		083C79A219E4BBEA00C03A62 /* ViewController.m in Sources */ = {isa = PBXBuildFile; fileRef = 083C79A119E4BBEA00C03A62 /* ViewController.m */; };
		083C79A519E4BBEA00C03A62 /* Main.storyboard in Resources */ = {isa = PBXBuildFile; fileRef = 083C79A319E4BBEA00C03A62 /* Main.storyboard */; };
		083C79A719E4BBEA00C03A62 /* Images.xcassets in Resources */ = {isa = PBXBuildFile; fileRef = 083C79A619E4BBEA00C03A62 /* Images.xcassets */; };
		083C79AA19E4BBEA00C03A62 /* LaunchScreen.xib in Resources */ = {isa = PBXBuildFile; fileRef = 083C79A819E4BBEA00C03A62 /* LaunchScreen.xib */; };
		083C79B619E4BBEA00C03A62 /* Control_FlowTests.m in Sources */ = {isa = PBXBuildFile; fileRef = 083C79B519E4BBEA00C03A62 /* Control_FlowTests.m */; };
/* End PBXBuildFile section */

/* Begin PBXContainerItemProxy section */
		083C79B019E4BBEA00C03A62 /* PBXContainerItemProxy */ = {
			isa = PBXContainerItemProxy;
			containerPortal = 083C798E19E4BBEA00C03A62 /* Project object */;
			proxyType = 1;
			remoteGlobalIDString = 083C799519E4BBEA00C03A62;
			remoteInfo = "Control Flow";
		};
/* End PBXContainerItemProxy section */

/* Begin PBXFileReference section */
		083C799619E4BBEA00C03A62 /* Control Flow.app */ = {isa = PBXFileReference; explicitFileType = wrapper.application; includeInIndex = 0; path = "Control Flow.app"; sourceTree = BUILT_PRODUCTS_DIR; };
		083C799A19E4BBEA00C03A62 /* Info.plist */ = {isa = PBXFileReference; lastKnownFileType = text.plist.xml; path = Info.plist; sourceTree = "<group>"; };
		083C799B19E4BBEA00C03A62 /* main.m */ = {isa = PBXFileReference; lastKnownFileType = sourcecode.c.objc; path = main.m; sourceTree = "<group>"; };
		083C799D19E4BBEA00C03A62 /* AppDelegate.h */ = {isa = PBXFileReference; lastKnownFileType = sourcecode.c.h; path = AppDelegate.h; sourceTree = "<group>"; };
		083C799E19E4BBEA00C03A62 /* AppDelegate.m */ = {isa = PBXFileReference; lastKnownFileType = sourcecode.c.objc; path = AppDelegate.m; sourceTree = "<group>"; };
		083C79A019E4BBEA00C03A62 /* ViewController.h */ = {isa = PBXFileReference; lastKnownFileType = sourcecode.c.h; path = ViewController.h; sourceTree = "<group>"; };
		083C79A119E4BBEA00C03A62 /* ViewController.m */ = {isa = PBXFileReference; lastKnownFileType = sourcecode.c.objc; path = ViewController.m; sourceTree = "<group>"; };
		083C79A419E4BBEA00C03A62 /* Base */ = {isa = PBXFileReference; lastKnownFileType = file.storyboard; name = Base; path = Base.lproj/Main.storyboard; sourceTree = "<group>"; };
		083C79A619E4BBEA00C03A62 /* Images.xcassets */ = {isa = PBXFileReference; lastKnownFileType = folder.assetcatalog; path = Images.xcassets; sourceTree = "<group>"; };
		083C79A919E4BBEA00C03A62 /* Base */ = {isa = PBXFileReference; lastKnownFileType = file.xib; name = Base; path = Base.lproj/LaunchScreen.xib; sourceTree = "<group>"; };
		083C79AF19E4BBEA00C03A62 /* Control FlowTests.xctest */ = {isa = PBXFileReference; explicitFileType = wrapper.cfbundle; includeInIndex = 0; path = "Control FlowTests.xctest"; sourceTree = BUILT_PRODUCTS_DIR; };
		083C79B419E4BBEA00C03A62 /* Info.plist */ = {isa = PBXFileReference; lastKnownFileType = text.plist.xml; path = Info.plist; sourceTree = "<group>"; };
		083C79B519E4BBEA00C03A62 /* Control_FlowTests.m */ = {isa = PBXFileReference; lastKnownFileType = sourcecode.c.objc; path = Control_FlowTests.m; sourceTree = "<group>"; };
/* End PBXFileReference section */

/* Begin PBXFrameworksBuildPhase section */
		083C799319E4BBEA00C03A62 /* Frameworks */ = {
			isa = PBXFrameworksBuildPhase;
			buildActionMask = 2147483647;
			files = (
			);
			runOnlyForDeploymentPostprocessing = 0;
		};
		083C79AC19E4BBEA00C03A62 /* Frameworks */ = {
			isa = PBXFrameworksBuildPhase;
			buildActionMask = 2147483647;
			files = (
			);
			runOnlyForDeploymentPostprocessing = 0;
		};
/* End PBXFrameworksBuildPhase section */

/* Begin PBXGroup section */
		083C798D19E4BBEA00C03A62 = {
			isa = PBXGroup;
			children = (
				083C799819E4BBEA00C03A62 /* Control Flow */,
				083C79B219E4BBEA00C03A62 /* Control FlowTests */,
				083C799719E4BBEA00C03A62 /* Products */,
			);
			sourceTree = "<group>";
		};
		083C799719E4BBEA00C03A62 /* Products */ = {
			isa = PBXGroup;
			children = (
				083C799619E4BBEA00C03A62 /* Control Flow.app */,
				083C79AF19E4BBEA00C03A62 /* Control FlowTests.xctest */,
			);
			name = Products;
			sourceTree = "<group>";
		};
		083C799819E4BBEA00C03A62 /* Control Flow */ = {
			isa = PBXGroup;
			children = (
				083C799D19E4BBEA00C03A62 /* AppDelegate.h */,
				083C799E19E4BBEA00C03A62 /* AppDelegate.m */,
				083C79A019E4BBEA00C03A62 /* ViewController.h */,
				083C79A119E4BBEA00C03A62 /* ViewController.m */,
				083C79A319E4BBEA00C03A62 /* Main.storyboard */,
				083C79A619E4BBEA00C03A62 /* Images.xcassets */,
				083C79A819E4BBEA00C03A62 /* LaunchScreen.xib */,
				083C799919E4BBEA00C03A62 /* Supporting Files */,
			);
			path = "Control Flow";
			sourceTree = "<group>";
		};
		083C799919E4BBEA00C03A62 /* Supporting Files */ = {
			isa = PBXGroup;
			children = (
				083C799A19E4BBEA00C03A62 /* Info.plist */,
				083C799B19E4BBEA00C03A62 /* main.m */,
			);
			name = "Supporting Files";
			sourceTree = "<group>";
		};
		083C79B219E4BBEA00C03A62 /* Control FlowTests */ = {
			isa = PBXGroup;
			children = (
				083C79B519E4BBEA00C03A62 /* Control_FlowTests.m */,
				083C79B319E4BBEA00C03A62 /* Supporting Files */,
			);
			path = "Control FlowTests";
			sourceTree = "<group>";
		};
		083C79B319E4BBEA00C03A62 /* Supporting Files */ = {
			isa = PBXGroup;
			children = (
				083C79B419E4BBEA00C03A62 /* Info.plist */,
			);
			name = "Supporting Files";
			sourceTree = "<group>";
		};
/* End PBXGroup section */

/* Begin PBXNativeTarget section */
		083C799519E4BBEA00C03A62 /* Control Flow */ = {
			isa = PBXNativeTarget;
			buildConfigurationList = 083C79B919E4BBEA00C03A62 /* Build configuration list for PBXNativeTarget "Control Flow" */;
			buildPhases = (
				083C799219E4BBEA00C03A62 /* Sources */,
				083C799319E4BBEA00C03A62 /* Frameworks */,
				083C799419E4BBEA00C03A62 /* Resources */,
			);
			buildRules = (
			);
			dependencies = (
			);
			name = "Control Flow";
			productName = "Control Flow";
			productReference = 083C799619E4BBEA00C03A62 /* Control Flow.app */;
			productType = "com.apple.product-type.application";
		};
		083C79AE19E4BBEA00C03A62 /* Control FlowTests */ = {
			isa = PBXNativeTarget;
			buildConfigurationList = 083C79BC19E4BBEA00C03A62 /* Build configuration list for PBXNativeTarget "Control FlowTests" */;
			buildPhases = (
				083C79AB19E4BBEA00C03A62 /* Sources */,
				083C79AC19E4BBEA00C03A62 /* Frameworks */,
				083C79AD19E4BBEA00C03A62 /* Resources */,
			);
			buildRules = (
			);
			dependencies = (
				083C79B119E4BBEA00C03A62 /* PBXTargetDependency */,
			);
			name = "Control FlowTests";
			productName = "Control FlowTests";
			productReference = 083C79AF19E4BBEA00C03A62 /* Control FlowTests.xctest */;
			productType = "com.apple.product-type.bundle.unit-test";
		};
/* End PBXNativeTarget section */

/* Begin PBXProject section */
		083C798E19E4BBEA00C03A62 /* Project object */ = {
			isa = PBXProject;
			attributes = {
				CLASSPREFIX = WM;
				LastUpgradeCheck = 0600;
				ORGANIZATIONNAME = "William Mora";
				TargetAttributes = {
					083C799519E4BBEA00C03A62 = {
						CreatedOnToolsVersion = 6.0.1;
					};
					083C79AE19E4BBEA00C03A62 = {
						CreatedOnToolsVersion = 6.0.1;
						TestTargetID = 083C799519E4BBEA00C03A62;
					};
				};
			};
			buildConfigurationList = 083C799119E4BBEA00C03A62 /* Build configuration list for PBXProject "Control Flow" */;
			compatibilityVersion = "Xcode 3.2";
			developmentRegion = English;
			hasScannedForEncodings = 0;
			knownRegions = (
				en,
				Base,
			);
			mainGroup = 083C798D19E4BBEA00C03A62;
			productRefGroup = 083C799719E4BBEA00C03A62 /* Products */;
			projectDirPath = "";
			projectRoot = "";
			targets = (
				083C799519E4BBEA00C03A62 /* Control Flow */,
				083C79AE19E4BBEA00C03A62 /* Control FlowTests */,
			);
		};
/* End PBXProject section */

/* Begin PBXResourcesBuildPhase section */
		083C799419E4BBEA00C03A62 /* Resources */ = {
			isa = PBXResourcesBuildPhase;
			buildActionMask = 2147483647;
			files = (
				083C79A519E4BBEA00C03A62 /* Main.storyboard in Resources */,
				083C79AA19E4BBEA00C03A62 /* LaunchScreen.xib in Resources */,
				083C79A719E4BBEA00C03A62 /* Images.xcassets in Resources */,
			);
			runOnlyForDeploymentPostprocessing = 0;
		};
		083C79AD19E4BBEA00C03A62 /* Resources */ = {
			isa = PBXResourcesBuildPhase;
			buildActionMask = 2147483647;
			files = (
			);
			runOnlyForDeploymentPostprocessing = 0;
		};
/* End PBXResourcesBuildPhase section */

/* Begin PBXSourcesBuildPhase section */
		083C799219E4BBEA00C03A62 /* Sources */ = {
			isa = PBXSourcesBuildPhase;
			buildActionMask = 2147483647;
			files = (
				083C79A219E4BBEA00C03A62 /* ViewController.m in Sources */,
				083C799F19E4BBEA00C03A62 /* AppDelegate.m in Sources */,
				083C799C19E4BBEA00C03A62 /* main.m in Sources */,
			);
			runOnlyForDeploymentPostprocessing = 0;
		};
		083C79AB19E4BBEA00C03A62 /* Sources */ = {
			isa = PBXSourcesBuildPhase;
			buildActionMask = 2147483647;
			files = (
				083C79B619E4BBEA00C03A62 /* Control_FlowTests.m in Sources */,
			);
			runOnlyForDeploymentPostprocessing = 0;
		};
/* End PBXSourcesBuildPhase section */

/* Begin PBXTargetDependency section */
		083C79B119E4BBEA00C03A62 /* PBXTargetDependency */ = {
			isa = PBXTargetDependency;
			target = 083C799519E4BBEA00C03A62 /* Control Flow */;
			targetProxy = 083C79B019E4BBEA00C03A62 /* PBXContainerItemProxy */;
		};
/* End PBXTargetDependency section */

/* Begin PBXVariantGroup section */
		083C79A319E4BBEA00C03A62 /* Main.storyboard */ = {
			isa = PBXVariantGroup;
			children = (
				083C79A419E4BBEA00C03A62 /* Base */,
			);
			name = Main.storyboard;
			sourceTree = "<group>";
		};
		083C79A819E4BBEA00C03A62 /* LaunchScreen.xib */ = {
			isa = PBXVariantGroup;
			children = (
				083C79A919E4BBEA00C03A62 /* Base */,
			);
			name = LaunchScreen.xib;
			sourceTree = "<group>";
		};
/* End PBXVariantGroup section */

/* Begin XCBuildConfiguration section */
		083C79B719E4BBEA00C03A62 /* Debug */ = {
			isa = XCBuildConfiguration;
			buildSettings = {
				ALWAYS_SEARCH_USER_PATHS = NO;
				CLANG_CXX_LANGUAGE_STANDARD = "gnu++0x";
				CLANG_CXX_LIBRARY = "libc++";
				CLANG_ENABLE_MODULES = YES;
				CLANG_ENABLE_OBJC_ARC = YES;
				CLANG_WARN_BOOL_CONVERSION = YES;
				CLANG_WARN_CONSTANT_CONVERSION = YES;
				CLANG_WARN_DIRECT_OBJC_ISA_USAGE = YES_ERROR;
				CLANG_WARN_EMPTY_BODY = YES;
				CLANG_WARN_ENUM_CONVERSION = YES;
				CLANG_WARN_INT_CONVERSION = YES;
				CLANG_WARN_OBJC_ROOT_CLASS = YES_ERROR;
				CLANG_WARN_UNREACHABLE_CODE = YES;
				CLANG_WARN__DUPLICATE_METHOD_MATCH = YES;
				"CODE_SIGN_IDENTITY[sdk=iphoneos*]" = "iPhone Developer";
				COPY_PHASE_STRIP = NO;
				ENABLE_STRICT_OBJC_MSGSEND = YES;
				GCC_C_LANGUAGE_STANDARD = gnu99;
				GCC_DYNAMIC_NO_PIC = NO;
				GCC_OPTIMIZATION_LEVEL = 0;
				GCC_PREPROCESSOR_DEFINITIONS = (
					"DEBUG=1",
					"$(inherited)",
				);
				GCC_SYMBOLS_PRIVATE_EXTERN = NO;
				GCC_WARN_64_TO_32_BIT_CONVERSION = YES;
				GCC_WARN_ABOUT_RETURN_TYPE = YES_ERROR;
				GCC_WARN_UNDECLARED_SELECTOR = YES;
				GCC_WARN_UNINITIALIZED_AUTOS = YES_AGGRESSIVE;
				GCC_WARN_UNUSED_FUNCTION = YES;
				GCC_WARN_UNUSED_VARIABLE = YES;
				IPHONEOS_DEPLOYMENT_TARGET = 8.0;
				MTL_ENABLE_DEBUG_INFO = YES;
				ONLY_ACTIVE_ARCH = YES;
				SDKROOT = iphoneos;
			};
			name = Debug;
		};
		083C79B819E4BBEA00C03A62 /* Release */ = {
			isa = XCBuildConfiguration;
			buildSettings = {
				ALWAYS_SEARCH_USER_PATHS = NO;
				CLANG_CXX_LANGUAGE_STANDARD = "gnu++0x";
				CLANG_CXX_LIBRARY = "libc++";
				CLANG_ENABLE_MODULES = YES;
				CLANG_ENABLE_OBJC_ARC = YES;
				CLANG_WARN_BOOL_CONVERSION = YES;
				CLANG_WARN_CONSTANT_CONVERSION = YES;
				CLANG_WARN_DIRECT_OBJC_ISA_USAGE = YES_ERROR;
				CLANG_WARN_EMPTY_BODY = YES;
				CLANG_WARN_ENUM_CONVERSION = YES;
				CLANG_WARN_INT_CONVERSION = YES;
				CLANG_WARN_OBJC_ROOT_CLASS = YES_ERROR;
				CLANG_WARN_UNREACHABLE_CODE = YES;
				CLANG_WARN__DUPLICATE_METHOD_MATCH = YES;
				"CODE_SIGN_IDENTITY[sdk=iphoneos*]" = "iPhone Developer";
				COPY_PHASE_STRIP = YES;
				ENABLE_NS_ASSERTIONS = NO;
				ENABLE_STRICT_OBJC_MSGSEND = YES;
				GCC_C_LANGUAGE_STANDARD = gnu99;
				GCC_WARN_64_TO_32_BIT_CONVERSION = YES;
				GCC_WARN_ABOUT_RETURN_TYPE = YES_ERROR;
				GCC_WARN_UNDECLARED_SELECTOR = YES;
				GCC_WARN_UNINITIALIZED_AUTOS = YES_AGGRESSIVE;
				GCC_WARN_UNUSED_FUNCTION = YES;
				GCC_WARN_UNUSED_VARIABLE = YES;
				IPHONEOS_DEPLOYMENT_TARGET = 8.0;
				MTL_ENABLE_DEBUG_INFO = NO;
				SDKROOT = iphoneos;
				VALIDATE_PRODUCT = YES;
			};
			name = Release;
		};
		083C79BA19E4BBEA00C03A62 /* Debug */ = {
			isa = XCBuildConfiguration;
			buildSettings = {
				ASSETCATALOG_COMPILER_APPICON_NAME = AppIcon;
				INFOPLIST_FILE = "Control Flow/Info.plist";
				LD_RUNPATH_SEARCH_PATHS = "$(inherited) @executable_path/Frameworks";
				PRODUCT_NAME = "$(TARGET_NAME)";
			};
			name = Debug;
		};
		083C79BB19E4BBEA00C03A62 /* Release */ = {
			isa = XCBuildConfiguration;
			buildSettings = {
				ASSETCATALOG_COMPILER_APPICON_NAME = AppIcon;
				INFOPLIST_FILE = "Control Flow/Info.plist";
				LD_RUNPATH_SEARCH_PATHS = "$(inherited) @executable_path/Frameworks";
				PRODUCT_NAME = "$(TARGET_NAME)";
			};
			name = Release;
		};
		083C79BD19E4BBEA00C03A62 /* Debug */ = {
			isa = XCBuildConfiguration;
			buildSettings = {
				BUNDLE_LOADER = "$(TEST_HOST)";
				FRAMEWORK_SEARCH_PATHS = (
					"$(SDKROOT)/Developer/Library/Frameworks",
					"$(inherited)",
				);
				GCC_PREPROCESSOR_DEFINITIONS = (
					"DEBUG=1",
					"$(inherited)",
				);
				INFOPLIST_FILE = "Control FlowTests/Info.plist";
				LD_RUNPATH_SEARCH_PATHS = "$(inherited) @executable_path/Frameworks @loader_path/Frameworks";
				PRODUCT_NAME = "$(TARGET_NAME)";
				TEST_HOST = "$(BUILT_PRODUCTS_DIR)/Control Flow.app/Control Flow";
			};
			name = Debug;
		};
		083C79BE19E4BBEA00C03A62 /* Release */ = {
			isa = XCBuildConfiguration;
			buildSettings = {
				BUNDLE_LOADER = "$(TEST_HOST)";
				FRAMEWORK_SEARCH_PATHS = (
					"$(SDKROOT)/Developer/Library/Frameworks",
					"$(inherited)",
				);
				INFOPLIST_FILE = "Control FlowTests/Info.plist";
				LD_RUNPATH_SEARCH_PATHS = "$(inherited) @executable_path/Frameworks @loader_path/Frameworks";
				PRODUCT_NAME = "$(TARGET_NAME)";
				TEST_HOST = "$(BUILT_PRODUCTS_DIR)/Control Flow.app/Control Flow";
			};
			name = Release;
		};
/* End XCBuildConfiguration section */

/* Begin XCConfigurationList section */
		083C799119E4BBEA00C03A62 /* Build configuration list for PBXProject "Control Flow" */ = {
			isa = XCConfigurationList;
			buildConfigurations = (
				083C79B719E4BBEA00C03A62 /* Debug */,
				083C79B819E4BBEA00C03A62 /* Release */,
			);
			defaultConfigurationIsVisible = 0;
			defaultConfigurationName = Release;
		};
		083C79B919E4BBEA00C03A62 /* Build configuration list for PBXNativeTarget "Control Flow" */ = {
			isa = XCConfigurationList;
			buildConfigurations = (
				083C79BA19E4BBEA00C03A62 /* Debug */,
				083C79BB19E4BBEA00C03A62 /* Release */,
			);
			defaultConfigurationIsVisible = 0;
		};
		083C79BC19E4BBEA00C03A62 /* Build configuration list for PBXNativeTarget "Control FlowTests" */ = {
			isa = XCConfigurationList;
			buildConfigurations = (
				083C79BD19E4BBEA00C03A62 /* Debug */,
				083C79BE19E4BBEA00C03A62 /* Release */,
			);
			defaultConfigurationIsVisible = 0;
		};
/* End XCConfigurationList section */
	};
	rootObject = 083C798E19E4BBEA00C03A62 /* Project object */;
}
